
Microsoft Visual Studio Solution File, Format Version 12.00
# Visual Studio 15
VisualStudioVersion = 15.0.28010.2041
MinimumVisualStudioVersion = 10.0.40219.1
<<<<<<< HEAD
Project("{FAE04EC0-301F-11D3-BF4B-00C04F79EFBC}") = "AdvancedProFront", "AdvancedProFront\AdvancedProFront.csproj", "{A695D85C-8901-46FF-964D-11BCAA087236}"
EndProject
Project("{FAE04EC0-301F-11D3-BF4B-00C04F79EFBC}") = "AdvancedProBack", "AdvancedProBack\AdvancedProBack.csproj", "{A15462A1-CBB3-4C39-8431-1A14B9802622}"
=======
Project("{9A19103F-16F7-4668-BE54-9A1E7A4F7556}") = "AdvancedPro", "AdvancedPro\AdvancedPro.csproj", "{FCAE8B8D-29C9-4D17-89DF-EBDB11CDED6F}"
EndProject
Project("{FAE04EC0-301F-11D3-BF4B-00C04F79EFBC}") = "AdvancedProApi", "AdvancedProApi\AdvancedProApi.csproj", "{DD3800FB-46FF-447B-B0E3-37927916C3CB}"
>>>>>>> 970f78eed01eb5ed70248d8454d5ae530491a4db
EndProject
Global
	GlobalSection(SolutionConfigurationPlatforms) = preSolution
		Debug|Any CPU = Debug|Any CPU
		Release|Any CPU = Release|Any CPU
	EndGlobalSection
	GlobalSection(ProjectConfigurationPlatforms) = postSolution
<<<<<<< HEAD
		{A695D85C-8901-46FF-964D-11BCAA087236}.Debug|Any CPU.ActiveCfg = Debug|Any CPU
		{A695D85C-8901-46FF-964D-11BCAA087236}.Debug|Any CPU.Build.0 = Debug|Any CPU
		{A695D85C-8901-46FF-964D-11BCAA087236}.Release|Any CPU.ActiveCfg = Release|Any CPU
		{A695D85C-8901-46FF-964D-11BCAA087236}.Release|Any CPU.Build.0 = Release|Any CPU
		{A15462A1-CBB3-4C39-8431-1A14B9802622}.Debug|Any CPU.ActiveCfg = Debug|Any CPU
		{A15462A1-CBB3-4C39-8431-1A14B9802622}.Debug|Any CPU.Build.0 = Debug|Any CPU
		{A15462A1-CBB3-4C39-8431-1A14B9802622}.Release|Any CPU.ActiveCfg = Release|Any CPU
		{A15462A1-CBB3-4C39-8431-1A14B9802622}.Release|Any CPU.Build.0 = Release|Any CPU
=======
		{FCAE8B8D-29C9-4D17-89DF-EBDB11CDED6F}.Debug|Any CPU.ActiveCfg = Debug|Any CPU
		{FCAE8B8D-29C9-4D17-89DF-EBDB11CDED6F}.Debug|Any CPU.Build.0 = Debug|Any CPU
		{FCAE8B8D-29C9-4D17-89DF-EBDB11CDED6F}.Release|Any CPU.ActiveCfg = Release|Any CPU
		{FCAE8B8D-29C9-4D17-89DF-EBDB11CDED6F}.Release|Any CPU.Build.0 = Release|Any CPU
		{DD3800FB-46FF-447B-B0E3-37927916C3CB}.Debug|Any CPU.ActiveCfg = Debug|Any CPU
		{DD3800FB-46FF-447B-B0E3-37927916C3CB}.Debug|Any CPU.Build.0 = Debug|Any CPU
		{DD3800FB-46FF-447B-B0E3-37927916C3CB}.Release|Any CPU.ActiveCfg = Release|Any CPU
		{DD3800FB-46FF-447B-B0E3-37927916C3CB}.Release|Any CPU.Build.0 = Release|Any CPU
>>>>>>> 970f78eed01eb5ed70248d8454d5ae530491a4db
	EndGlobalSection
	GlobalSection(SolutionProperties) = preSolution
		HideSolutionNode = FALSE
	EndGlobalSection
	GlobalSection(ExtensibilityGlobals) = postSolution
		SolutionGuid = {6B2C58A7-EA06-4E16-8EA7-1B843D3B33D3}
	EndGlobalSection
EndGlobal
